// !$*UTF8*$!
{
	archiveVersion = 1;
	classes = {
	};
	objectVersion = 50;
	objects = {

/* Begin PBXBuildFile section */
		B104297A265A85DF005ADAB7 /* NewsApp.swift in Sources */ = {isa = PBXBuildFile; fileRef = B1042979265A85DF005ADAB7 /* NewsApp.swift */; };
		B104297C265A85DF005ADAB7 /* ContentView.swift in Sources */ = {isa = PBXBuildFile; fileRef = B104297B265A85DF005ADAB7 /* ContentView.swift */; };
		B104297E265A85DF005ADAB7 /* Assets.xcassets in Resources */ = {isa = PBXBuildFile; fileRef = B104297D265A85DF005ADAB7 /* Assets.xcassets */; };
		B1042981265A85DF005ADAB7 /* Preview Assets.xcassets in Resources */ = {isa = PBXBuildFile; fileRef = B1042980265A85DF005ADAB7 /* Preview Assets.xcassets */; };
		B104298D265A8612005ADAB7 /* ArticlesViewModel.swift in Sources */ = {isa = PBXBuildFile; fileRef = B104298C265A8612005ADAB7 /* ArticlesViewModel.swift */; };
		B104298F265A8646005ADAB7 /* ArticlesModel.swift in Sources */ = {isa = PBXBuildFile; fileRef = B104298E265A8646005ADAB7 /* ArticlesModel.swift */; };
		B1042992265A875D005ADAB7 /* API.swift in Sources */ = {isa = PBXBuildFile; fileRef = B1042991265A875D005ADAB7 /* API.swift */; };
		B13678BE265D5ED500B5D337 /* MainView.swift in Sources */ = {isa = PBXBuildFile; fileRef = B13678BD265D5ED500B5D337 /* MainView.swift */; };
		B13678C0265D5F3F00B5D337 /* SavedListView.swift in Sources */ = {isa = PBXBuildFile; fileRef = B13678BF265D5F3F00B5D337 /* SavedListView.swift */; };
		B13678C2265D602500B5D337 /* SavedListRowView.swift in Sources */ = {isa = PBXBuildFile; fileRef = B13678C1265D602500B5D337 /* SavedListRowView.swift */; };
		B145B16B265B90D500A4AB2E /* NewsTagsView.swift in Sources */ = {isa = PBXBuildFile; fileRef = B145B16A265B90D500A4AB2E /* NewsTagsView.swift */; };
		B145B16E265BA5F700A4AB2E /* NewsTagData.swift in Sources */ = {isa = PBXBuildFile; fileRef = B145B16D265BA5F700A4AB2E /* NewsTagData.swift */; };
		B145B171265BA8C400A4AB2E /* NewsRowView.swift in Sources */ = {isa = PBXBuildFile; fileRef = B145B170265BA8C400A4AB2E /* NewsRowView.swift */; };
		B145B173265BB2AA00A4AB2E /* AddTopicsView.swift in Sources */ = {isa = PBXBuildFile; fileRef = B145B172265BB2AA00A4AB2E /* AddTopicsView.swift */; };
/* End PBXBuildFile section */

/* Begin PBXFileReference section */
		B1042976265A85DE005ADAB7 /* News.app */ = {isa = PBXFileReference; explicitFileType = wrapper.application; includeInIndex = 0; path = News.app; sourceTree = BUILT_PRODUCTS_DIR; };
		B1042979265A85DF005ADAB7 /* NewsApp.swift */ = {isa = PBXFileReference; lastKnownFileType = sourcecode.swift; path = NewsApp.swift; sourceTree = "<group>"; };
		B104297B265A85DF005ADAB7 /* ContentView.swift */ = {isa = PBXFileReference; lastKnownFileType = sourcecode.swift; path = ContentView.swift; sourceTree = "<group>"; };
		B104297D265A85DF005ADAB7 /* Assets.xcassets */ = {isa = PBXFileReference; lastKnownFileType = folder.assetcatalog; path = Assets.xcassets; sourceTree = "<group>"; };
		B1042980265A85DF005ADAB7 /* Preview Assets.xcassets */ = {isa = PBXFileReference; lastKnownFileType = folder.assetcatalog; path = "Preview Assets.xcassets"; sourceTree = "<group>"; };
		B1042982265A85DF005ADAB7 /* Info.plist */ = {isa = PBXFileReference; lastKnownFileType = text.plist.xml; path = Info.plist; sourceTree = "<group>"; };
		B104298C265A8612005ADAB7 /* ArticlesViewModel.swift */ = {isa = PBXFileReference; lastKnownFileType = sourcecode.swift; path = ArticlesViewModel.swift; sourceTree = "<group>"; };
		B104298E265A8646005ADAB7 /* ArticlesModel.swift */ = {isa = PBXFileReference; lastKnownFileType = sourcecode.swift; path = ArticlesModel.swift; sourceTree = "<group>"; };
		B1042991265A875D005ADAB7 /* API.swift */ = {isa = PBXFileReference; lastKnownFileType = sourcecode.swift; path = API.swift; sourceTree = "<group>"; };
		B13678BD265D5ED500B5D337 /* MainView.swift */ = {isa = PBXFileReference; lastKnownFileType = sourcecode.swift; path = MainView.swift; sourceTree = "<group>"; };
		B13678BF265D5F3F00B5D337 /* SavedListView.swift */ = {isa = PBXFileReference; lastKnownFileType = sourcecode.swift; path = SavedListView.swift; sourceTree = "<group>"; };
		B13678C1265D602500B5D337 /* SavedListRowView.swift */ = {isa = PBXFileReference; lastKnownFileType = sourcecode.swift; path = SavedListRowView.swift; sourceTree = "<group>"; };
		B145B16A265B90D500A4AB2E /* NewsTagsView.swift */ = {isa = PBXFileReference; lastKnownFileType = sourcecode.swift; path = NewsTagsView.swift; sourceTree = "<group>"; };
		B145B16D265BA5F700A4AB2E /* NewsTagData.swift */ = {isa = PBXFileReference; lastKnownFileType = sourcecode.swift; path = NewsTagData.swift; sourceTree = "<group>"; };
		B145B170265BA8C400A4AB2E /* NewsRowView.swift */ = {isa = PBXFileReference; lastKnownFileType = sourcecode.swift; path = NewsRowView.swift; sourceTree = "<group>"; };
		B145B172265BB2AA00A4AB2E /* AddTopicsView.swift */ = {isa = PBXFileReference; lastKnownFileType = sourcecode.swift; path = AddTopicsView.swift; sourceTree = "<group>"; };
/* End PBXFileReference section */

/* Begin PBXFrameworksBuildPhase section */
		B1042973265A85DE005ADAB7 /* Frameworks */ = {
			isa = PBXFrameworksBuildPhase;
			buildActionMask = 2147483647;
			files = (
			);
			runOnlyForDeploymentPostprocessing = 0;
		};
/* End PBXFrameworksBuildPhase section */

/* Begin PBXGroup section */
		B104296D265A85DE005ADAB7 = {
			isa = PBXGroup;
			children = (
				B1042978265A85DE005ADAB7 /* News */,
				B1042977265A85DE005ADAB7 /* Products */,
			);
			sourceTree = "<group>";
		};
		B1042977265A85DE005ADAB7 /* Products */ = {
			isa = PBXGroup;
			children = (
				B1042976265A85DE005ADAB7 /* News.app */,
			);
			name = Products;
			sourceTree = "<group>";
		};
		B1042978265A85DE005ADAB7 /* News */ = {
			isa = PBXGroup;
			children = (
				B145B16C265BA5E300A4AB2E /* Data */,
				B1042990265A8751005ADAB7 /* Services */,
				B104298B265A85FF005ADAB7 /* ViewModel */,
				B104298A265A85FB005ADAB7 /* View */,
				B1042989265A85F5005ADAB7 /* Model */,
				B1042988265A85EB005ADAB7 /* App */,
				B104297D265A85DF005ADAB7 /* Assets.xcassets */,
				B1042982265A85DF005ADAB7 /* Info.plist */,
				B104297F265A85DF005ADAB7 /* Preview Content */,
			);
			path = News;
			sourceTree = "<group>";
		};
		B104297F265A85DF005ADAB7 /* Preview Content */ = {
			isa = PBXGroup;
			children = (
				B1042980265A85DF005ADAB7 /* Preview Assets.xcassets */,
			);
			path = "Preview Content";
			sourceTree = "<group>";
		};
		B1042988265A85EB005ADAB7 /* App */ = {
			isa = PBXGroup;
			children = (
				B1042979265A85DF005ADAB7 /* NewsApp.swift */,
				B104297B265A85DF005ADAB7 /* ContentView.swift */,
				B13678BD265D5ED500B5D337 /* MainView.swift */,
				B13678BF265D5F3F00B5D337 /* SavedListView.swift */,
			);
			path = App;
			sourceTree = "<group>";
		};
		B1042989265A85F5005ADAB7 /* Model */ = {
			isa = PBXGroup;
			children = (
				B104298E265A8646005ADAB7 /* ArticlesModel.swift */,
			);
			path = Model;
			sourceTree = "<group>";
		};
		B104298A265A85FB005ADAB7 /* View */ = {
			isa = PBXGroup;
			children = (
				B145B16A265B90D500A4AB2E /* NewsTagsView.swift */,
				B145B170265BA8C400A4AB2E /* NewsRowView.swift */,
				B145B172265BB2AA00A4AB2E /* AddTopicsView.swift */,
				B13678C1265D602500B5D337 /* SavedListRowView.swift */,
			);
			path = View;
			sourceTree = "<group>";
		};
		B104298B265A85FF005ADAB7 /* ViewModel */ = {
			isa = PBXGroup;
			children = (
				B104298C265A8612005ADAB7 /* ArticlesViewModel.swift */,
			);
			path = ViewModel;
			sourceTree = "<group>";
		};
		B1042990265A8751005ADAB7 /* Services */ = {
			isa = PBXGroup;
			children = (
				B1042991265A875D005ADAB7 /* API.swift */,
			);
			path = Services;
			sourceTree = "<group>";
		};
		B145B16C265BA5E300A4AB2E /* Data */ = {
			isa = PBXGroup;
			children = (
				B145B16D265BA5F700A4AB2E /* NewsTagData.swift */,
			);
			path = Data;
			sourceTree = "<group>";
		};
/* End PBXGroup section */

/* Begin PBXNativeTarget section */
		B1042975265A85DE005ADAB7 /* News */ = {
			isa = PBXNativeTarget;
			buildConfigurationList = B1042985265A85DF005ADAB7 /* Build configuration list for PBXNativeTarget "News" */;
			buildPhases = (
				B1042972265A85DE005ADAB7 /* Sources */,
				B1042973265A85DE005ADAB7 /* Frameworks */,
				B1042974265A85DE005ADAB7 /* Resources */,
			);
			buildRules = (
			);
			dependencies = (
			);
			name = News;
			productName = News;
			productReference = B1042976265A85DE005ADAB7 /* News.app */;
			productType = "com.apple.product-type.application";
		};
/* End PBXNativeTarget section */

/* Begin PBXProject section */
		B104296E265A85DE005ADAB7 /* Project object */ = {
			isa = PBXProject;
			attributes = {
				LastSwiftUpdateCheck = 1250;
				LastUpgradeCheck = 1250;
				TargetAttributes = {
					B1042975265A85DE005ADAB7 = {
						CreatedOnToolsVersion = 12.5;
					};
				};
			};
			buildConfigurationList = B1042971265A85DE005ADAB7 /* Build configuration list for PBXProject "News" */;
			compatibilityVersion = "Xcode 9.3";
			developmentRegion = en;
			hasScannedForEncodings = 0;
			knownRegions = (
				en,
				Base,
			);
			mainGroup = B104296D265A85DE005ADAB7;
			productRefGroup = B1042977265A85DE005ADAB7 /* Products */;
			projectDirPath = "";
			projectRoot = "";
			targets = (
				B1042975265A85DE005ADAB7 /* News */,
			);
		};
/* End PBXProject section */

/* Begin PBXResourcesBuildPhase section */
		B1042974265A85DE005ADAB7 /* Resources */ = {
			isa = PBXResourcesBuildPhase;
			buildActionMask = 2147483647;
			files = (
				B1042981265A85DF005ADAB7 /* Preview Assets.xcassets in Resources */,
				B104297E265A85DF005ADAB7 /* Assets.xcassets in Resources */,
			);
			runOnlyForDeploymentPostprocessing = 0;
		};
/* End PBXResourcesBuildPhase section */

/* Begin PBXSourcesBuildPhase section */
		B1042972265A85DE005ADAB7 /* Sources */ = {
			isa = PBXSourcesBuildPhase;
			buildActionMask = 2147483647;
			files = (
				B13678BE265D5ED500B5D337 /* MainView.swift in Sources */,
				B104297C265A85DF005ADAB7 /* ContentView.swift in Sources */,
				B145B173265BB2AA00A4AB2E /* AddTopicsView.swift in Sources */,
				B13678C2265D602500B5D337 /* SavedListRowView.swift in Sources */,
				B104297A265A85DF005ADAB7 /* NewsApp.swift in Sources */,
				B145B16B265B90D500A4AB2E /* NewsTagsView.swift in Sources */,
				B145B16E265BA5F700A4AB2E /* NewsTagData.swift in Sources */,
				B145B171265BA8C400A4AB2E /* NewsRowView.swift in Sources */,
				B13678C0265D5F3F00B5D337 /* SavedListView.swift in Sources */,
				B104298F265A8646005ADAB7 /* ArticlesModel.swift in Sources */,
				B104298D265A8612005ADAB7 /* ArticlesViewModel.swift in Sources */,
				B1042992265A875D005ADAB7 /* API.swift in Sources */,
			);
			runOnlyForDeploymentPostprocessing = 0;
		};
/* End PBXSourcesBuildPhase section */

/* Begin XCBuildConfiguration section */
		B1042983265A85DF005ADAB7 /* Debug */ = {
			isa = XCBuildConfiguration;
			buildSettings = {
				ALWAYS_SEARCH_USER_PATHS = NO;
				CLANG_ANALYZER_NONNULL = YES;
				CLANG_ANALYZER_NUMBER_OBJECT_CONVERSION = YES_AGGRESSIVE;
				CLANG_CXX_LANGUAGE_STANDARD = "gnu++14";
				CLANG_CXX_LIBRARY = "libc++";
				CLANG_ENABLE_MODULES = YES;
				CLANG_ENABLE_OBJC_ARC = YES;
				CLANG_ENABLE_OBJC_WEAK = YES;
				CLANG_WARN_BLOCK_CAPTURE_AUTORELEASING = YES;
				CLANG_WARN_BOOL_CONVERSION = YES;
				CLANG_WARN_COMMA = YES;
				CLANG_WARN_CONSTANT_CONVERSION = YES;
				CLANG_WARN_DEPRECATED_OBJC_IMPLEMENTATIONS = YES;
				CLANG_WARN_DIRECT_OBJC_ISA_USAGE = YES_ERROR;
				CLANG_WARN_DOCUMENTATION_COMMENTS = YES;
				CLANG_WARN_EMPTY_BODY = YES;
				CLANG_WARN_ENUM_CONVERSION = YES;
				CLANG_WARN_INFINITE_RECURSION = YES;
				CLANG_WARN_INT_CONVERSION = YES;
				CLANG_WARN_NON_LITERAL_NULL_CONVERSION = YES;
				CLANG_WARN_OBJC_IMPLICIT_RETAIN_SELF = YES;
				CLANG_WARN_OBJC_LITERAL_CONVERSION = YES;
				CLANG_WARN_OBJC_ROOT_CLASS = YES_ERROR;
				CLANG_WARN_QUOTED_INCLUDE_IN_FRAMEWORK_HEADER = YES;
				CLANG_WARN_RANGE_LOOP_ANALYSIS = YES;
				CLANG_WARN_STRICT_PROTOTYPES = YES;
				CLANG_WARN_SUSPICIOUS_MOVE = YES;
				CLANG_WARN_UNGUARDED_AVAILABILITY = YES_AGGRESSIVE;
				CLANG_WARN_UNREACHABLE_CODE = YES;
				CLANG_WARN__DUPLICATE_METHOD_MATCH = YES;
				COPY_PHASE_STRIP = NO;
				DEBUG_INFORMATION_FORMAT = dwarf;
				ENABLE_STRICT_OBJC_MSGSEND = YES;
				ENABLE_TESTABILITY = YES;
				GCC_C_LANGUAGE_STANDARD = gnu11;
				GCC_DYNAMIC_NO_PIC = NO;
				GCC_NO_COMMON_BLOCKS = YES;
				GCC_OPTIMIZATION_LEVEL = 0;
				GCC_PREPROCESSOR_DEFINITIONS = (
					"DEBUG=1",
					"$(inherited)",
				);
				GCC_WARN_64_TO_32_BIT_CONVERSION = YES;
				GCC_WARN_ABOUT_RETURN_TYPE = YES_ERROR;
				GCC_WARN_UNDECLARED_SELECTOR = YES;
				GCC_WARN_UNINITIALIZED_AUTOS = YES_AGGRESSIVE;
				GCC_WARN_UNUSED_FUNCTION = YES;
				GCC_WARN_UNUSED_VARIABLE = YES;
				IPHONEOS_DEPLOYMENT_TARGET = 14.5;
				MTL_ENABLE_DEBUG_INFO = INCLUDE_SOURCE;
				MTL_FAST_MATH = YES;
				ONLY_ACTIVE_ARCH = YES;
				SDKROOT = iphoneos;
				SWIFT_ACTIVE_COMPILATION_CONDITIONS = DEBUG;
				SWIFT_OPTIMIZATION_LEVEL = "-Onone";
			};
			name = Debug;
		};
		B1042984265A85DF005ADAB7 /* Release */ = {
			isa = XCBuildConfiguration;
			buildSettings = {
				ALWAYS_SEARCH_USER_PATHS = NO;
				CLANG_ANALYZER_NONNULL = YES;
				CLANG_ANALYZER_NUMBER_OBJECT_CONVERSION = YES_AGGRESSIVE;
				CLANG_CXX_LANGUAGE_STANDARD = "gnu++14";
				CLANG_CXX_LIBRARY = "libc++";
				CLANG_ENABLE_MODULES = YES;
				CLANG_ENABLE_OBJC_ARC = YES;
				CLANG_ENABLE_OBJC_WEAK = YES;
				CLANG_WARN_BLOCK_CAPTURE_AUTORELEASING = YES;
				CLANG_WARN_BOOL_CONVERSION = YES;
				CLANG_WARN_COMMA = YES;
				CLANG_WARN_CONSTANT_CONVERSION = YES;
				CLANG_WARN_DEPRECATED_OBJC_IMPLEMENTATIONS = YES;
				CLANG_WARN_DIRECT_OBJC_ISA_USAGE = YES_ERROR;
				CLANG_WARN_DOCUMENTATION_COMMENTS = YES;
				CLANG_WARN_EMPTY_BODY = YES;
				CLANG_WARN_ENUM_CONVERSION = YES;
				CLANG_WARN_INFINITE_RECURSION = YES;
				CLANG_WARN_INT_CONVERSION = YES;
				CLANG_WARN_NON_LITERAL_NULL_CONVERSION = YES;
				CLANG_WARN_OBJC_IMPLICIT_RETAIN_SELF = YES;
				CLANG_WARN_OBJC_LITERAL_CONVERSION = YES;
				CLANG_WARN_OBJC_ROOT_CLASS = YES_ERROR;
				CLANG_WARN_QUOTED_INCLUDE_IN_FRAMEWORK_HEADER = YES;
				CLANG_WARN_RANGE_LOOP_ANALYSIS = YES;
				CLANG_WARN_STRICT_PROTOTYPES = YES;
				CLANG_WARN_SUSPICIOUS_MOVE = YES;
				CLANG_WARN_UNGUARDED_AVAILABILITY = YES_AGGRESSIVE;
				CLANG_WARN_UNREACHABLE_CODE = YES;
				CLANG_WARN__DUPLICATE_METHOD_MATCH = YES;
				COPY_PHASE_STRIP = NO;
				DEBUG_INFORMATION_FORMAT = "dwarf-with-dsym";
				ENABLE_NS_ASSERTIONS = NO;
				ENABLE_STRICT_OBJC_MSGSEND = YES;
				GCC_C_LANGUAGE_STANDARD = gnu11;
				GCC_NO_COMMON_BLOCKS = YES;
				GCC_WARN_64_TO_32_BIT_CONVERSION = YES;
				GCC_WARN_ABOUT_RETURN_TYPE = YES_ERROR;
				GCC_WARN_UNDECLARED_SELECTOR = YES;
				GCC_WARN_UNINITIALIZED_AUTOS = YES_AGGRESSIVE;
				GCC_WARN_UNUSED_FUNCTION = YES;
				GCC_WARN_UNUSED_VARIABLE = YES;
				IPHONEOS_DEPLOYMENT_TARGET = 14.5;
				MTL_ENABLE_DEBUG_INFO = NO;
				MTL_FAST_MATH = YES;
				SDKROOT = iphoneos;
				SWIFT_COMPILATION_MODE = wholemodule;
				SWIFT_OPTIMIZATION_LEVEL = "-O";
				VALIDATE_PRODUCT = YES;
			};
			name = Release;
		};
		B1042986265A85DF005ADAB7 /* Debug */ = {
			isa = XCBuildConfiguration;
			buildSettings = {
				ASSETCATALOG_COMPILER_APPICON_NAME = AppIcon;
				ASSETCATALOG_COMPILER_GLOBAL_ACCENT_COLOR_NAME = AccentColor;
				CODE_SIGN_STYLE = Automatic;
				DEVELOPMENT_ASSET_PATHS = "\"News/Preview Content\"";
				DEVELOPMENT_TEAM = A3KA6C6N4B;
				ENABLE_PREVIEWS = YES;
				INFOPLIST_FILE = News/Info.plist;
				IPHONEOS_DEPLOYMENT_TARGET = 14.0;
				LD_RUNPATH_SEARCH_PATHS = (
					"$(inherited)",
					"@executable_path/Frameworks",
				);
				PRODUCT_BUNDLE_IDENTIFIER = com.pratyush.News;
				PRODUCT_NAME = "$(TARGET_NAME)";
				SWIFT_VERSION = 5.0;
				TARGETED_DEVICE_FAMILY = "1,2";
			};
			name = Debug;
		};
		B1042987265A85DF005ADAB7 /* Release */ = {
			isa = XCBuildConfiguration;
			buildSettings = {
				ASSETCATALOG_COMPILER_APPICON_NAME = AppIcon;
				ASSETCATALOG_COMPILER_GLOBAL_ACCENT_COLOR_NAME = AccentColor;
				CODE_SIGN_STYLE = Automatic;
				DEVELOPMENT_ASSET_PATHS = "\"News/Preview Content\"";
				DEVELOPMENT_TEAM = A3KA6C6N4B;
				ENABLE_PREVIEWS = YES;
				INFOPLIST_FILE = News/Info.plist;
				IPHONEOS_DEPLOYMENT_TARGET = 14.0;
				LD_RUNPATH_SEARCH_PATHS = (
					"$(inherited)",
					"@executable_path/Frameworks",
				);
				PRODUCT_BUNDLE_IDENTIFIER = com.pratyush.News;
				PRODUCT_NAME = "$(TARGET_NAME)";
				SWIFT_VERSION = 5.0;
				TARGETED_DEVICE_FAMILY = "1,2";
			};
			name = Release;
		};
/* End XCBuildConfiguration section */

/* Begin XCConfigurationList section */
		B1042971265A85DE005ADAB7 /* Build configuration list for PBXProject "News" */ = {
			isa = XCConfigurationList;
			buildConfigurations = (
				B1042983265A85DF005ADAB7 /* Debug */,
				B1042984265A85DF005ADAB7 /* Release */,
			);
			defaultConfigurationIsVisible = 0;
			defaultConfigurationName = Release;
		};
		B1042985265A85DF005ADAB7 /* Build configuration list for PBXNativeTarget "News" */ = {
			isa = XCConfigurationList;
			buildConfigurations = (
				B1042986265A85DF005ADAB7 /* Debug */,
				B1042987265A85DF005ADAB7 /* Release */,
			);
			defaultConfigurationIsVisible = 0;
			defaultConfigurationName = Release;
		};
/* End XCConfigurationList section */
	};
	rootObject = B104296E265A85DE005ADAB7 /* Project object */;
}
